{
  "nodes": {
    "home_manager": {
      "inputs": {
        "nixpkgs": [
          "nixpkgs_stable"
        ]
      },
      "locked": {
        "lastModified": 1733951536,
        "narHash": "sha256-Zb5ZCa7Xj+0gy5XVXINTSr71fCfAv+IKtmIXNrykT54=",
        "owner": "nix-community",
        "repo": "home-manager",
        "rev": "1318c3f3b068cdcea922fa7c1a0a1f0c96c22f5f",
        "type": "github"
      },
      "original": {
        "owner": "nix-community",
        "ref": "release-24.11",
        "repo": "home-manager",
        "type": "github"
      }
    },
    "neovim": {
      "locked": {
        "lastModified": 1727825228,
        "narHash": "sha256-V625hrnT6lnxzQlR4a1cqXLqLctXhHp+01aop4SXehY=",
        "owner": "shiryel",
        "repo": "nvim",
        "rev": "91c37dcdbd7146b79a2dd970cc1d80449bed643f",
        "type": "github"
      },
      "original": {
        "owner": "shiryel",
        "ref": "master",
        "repo": "nvim",
        "type": "github"
      }
    },
    "nixjail": {
      "inputs": {
        "nixpkgs": [
          "nixpkgs_stable"
        ]
      },
      "locked": {
        "lastModified": 1729482630,
        "narHash": "sha256-aAU+xIom7eWFBVnIbCmoNmCB0FhCE24WHcvyd3H0vZg=",
        "owner": "shiryel",
        "repo": "nixjail",
        "rev": "256e4837a456742d8a8b195c0fed20b61ad65369",
        "type": "github"
      },
      "original": {
        "owner": "shiryel",
        "ref": "master",
        "repo": "nixjail",
        "type": "github"
      }
    },
    "nixpkgs_stable": {
      "locked": {
        "lastModified": 1733808091,
        "narHash": "sha256-KWwINTQelKOoQgrXftxoqxmKFZb9pLVfnRvK270nkVk=",
        "owner": "NixOS",
        "repo": "nixpkgs",
        "rev": "a0f3e10d94359665dba45b71b4227b0aeb851f8e",
        "type": "github"
      },
      "original": {
        "owner": "NixOS",
        "ref": "nixos-24.11",
        "repo": "nixpkgs",
        "type": "github"
      }
    },
    "nixpkgs_unstable": {
      "locked": {
        "lastModified": 1733940404,
        "narHash": "sha256-Pj39hSoUA86ZePPF/UXiYHHM7hMIkios8TYG29kQT4g=",
        "owner": "NixOS",
        "repo": "nixpkgs",
        "rev": "5d67ea6b4b63378b9c13be21e2ec9d1afc921713",
        "type": "github"
      },
      "original": {
        "owner": "NixOS",
        "ref": "nixos-unstable",
        "repo": "nixpkgs",
        "type": "github"
      }
    },
    "root": {
      "inputs": {
        "home_manager": "home_manager",
        "neovim": "neovim",
        "nixjail": "nixjail",
        "nixpkgs_stable": "nixpkgs_stable",
        "nixpkgs_unstable": "nixpkgs_unstable"
      }
    }
  },
  "root": "root",
  "version": 7
}
