{
  "nodes": {
    "home_manager": {
      "inputs": {
        "nixpkgs": [
          "nixpkgs_stable"
        ]
      },
      "locked": {
        "lastModified": 1758463745,
        "narHash": "sha256-uhzsV0Q0I9j2y/rfweWeGif5AWe0MGrgZ/3TjpDYdGA=",
        "owner": "nix-community",
        "repo": "home-manager",
        "rev": "3b955f5f0a942f9f60cdc9cacb7844335d0f21c3",
        "type": "github"
      },
      "original": {
        "owner": "nix-community",
        "ref": "release-25.05",
        "repo": "home-manager",
        "type": "github"
      }
    },
    "neovim": {
      "locked": {
        "lastModified": 1754316273,
        "narHash": "sha256-zmmV715PrLqlveFbvY30A9v7qUgxoDJs4ChXX1PY8uo=",
        "owner": "shiryel",
        "repo": "nvim",
        "rev": "defcf4f5913167d7392f30495e6bda1527a51262",
        "type": "github"
      },
      "original": {
        "owner": "shiryel",
        "repo": "nvim",
        "rev": "defcf4f5913167d7392f30495e6bda1527a51262",
        "type": "github"
      }
    },
    "nixjail": {
      "inputs": {
        "nixpkgs": [
          "nixpkgs_stable"
        ]
      },
      "locked": {
        "lastModified": 1759000354,
        "narHash": "sha256-jH9bD13FjQPkbDKyGx9fT596I/WFwyhoHA8N6DE6Wik=",
        "owner": "shiryel",
        "repo": "nixjail",
        "rev": "27a8fc94aac0ba4b4f21c0411c64e65b9d52e095",
        "type": "github"
      },
      "original": {
        "owner": "shiryel",
        "ref": "master",
        "repo": "nixjail",
        "type": "github"
      }
    },
    "nixpkgs_stable": {
      "locked": {
        "lastModified": 1762756533,
        "narHash": "sha256-HiRDeUOD1VLklHeOmaKDzf+8Hb7vSWPVFcWwaTrpm+U=",
        "owner": "NixOS",
        "repo": "nixpkgs",
        "rev": "c2448301fb856e351aab33e64c33a3fc8bcf637d",
        "type": "github"
      },
      "original": {
        "owner": "NixOS",
        "ref": "nixos-25.05",
        "repo": "nixpkgs",
        "type": "github"
      }
    },
    "nixpkgs_unstable": {
      "locked": {
        "lastModified": 1762844143,
        "narHash": "sha256-SlybxLZ1/e4T2lb1czEtWVzDCVSTvk9WLwGhmxFmBxI=",
        "owner": "NixOS",
        "repo": "nixpkgs",
        "rev": "9da7f1cf7f8a6e2a7cb3001b048546c92a8258b4",
        "type": "github"
      },
      "original": {
        "owner": "NixOS",
        "ref": "nixos-unstable",
        "repo": "nixpkgs",
        "type": "github"
      }
    },
    "root": {
      "inputs": {
        "home_manager": "home_manager",
        "neovim": "neovim",
        "nixjail": "nixjail",
        "nixpkgs_stable": "nixpkgs_stable",
        "nixpkgs_unstable": "nixpkgs_unstable"
      }
    }
  },
  "root": "root",
  "version": 7
}
