{
  "nodes": {
    "home_manager": {
      "inputs": {
        "nixpkgs": [
          "nixpkgs_stable"
        ]
      },
      "locked": {
        "lastModified": 1743808813,
        "narHash": "sha256-2lDQBOmlz9ggPxcS7/GvcVdzXMIiT+PpMao6FbLJSr0=",
        "owner": "nix-community",
        "repo": "home-manager",
        "rev": "a9f8b3db211b4609ddd83683f9db89796c7f6ac6",
        "type": "github"
      },
      "original": {
        "owner": "nix-community",
        "ref": "release-24.11",
        "repo": "home-manager",
        "type": "github"
      }
    },
    "neovim": {
      "locked": {
        "lastModified": 1743093451,
        "narHash": "sha256-SvARxtPe5mBbpL0bF0btxd10w048r8ZQLCpbNbRUUGs=",
        "owner": "shiryel",
        "repo": "nvim",
        "rev": "5d46b8374af2baeb8a19768e2fd02030d8c20492",
        "type": "github"
      },
      "original": {
        "owner": "shiryel",
        "ref": "master",
        "repo": "nvim",
        "type": "github"
      }
    },
    "nixjail": {
      "inputs": {
        "nixpkgs": [
          "nixpkgs_stable"
        ]
      },
      "locked": {
        "lastModified": 1743878163,
        "narHash": "sha256-Hj1ArvOibILk5ULBfnthUJBns+1kp3Ez4y7sApNjju4=",
        "owner": "shiryel",
        "repo": "nixjail",
        "rev": "f944493ef85e7223ab6e8cba4f96c414292c883a",
        "type": "github"
      },
      "original": {
        "owner": "shiryel",
        "ref": "master",
        "repo": "nixjail",
        "type": "github"
      }
    },
    "nixpkgs_stable": {
      "locked": {
        "lastModified": 1743703532,
        "narHash": "sha256-s1KLDALEeqy+ttrvqV3jx9mBZEvmthQErTVOAzbjHZs=",
        "owner": "NixOS",
        "repo": "nixpkgs",
        "rev": "bdb91860de2f719b57eef819b5617762f7120c70",
        "type": "github"
      },
      "original": {
        "owner": "NixOS",
        "ref": "nixos-24.11",
        "repo": "nixpkgs",
        "type": "github"
      }
    },
    "nixpkgs_unstable": {
      "locked": {
        "lastModified": 1743583204,
        "narHash": "sha256-F7n4+KOIfWrwoQjXrL2wD9RhFYLs2/GGe/MQY1sSdlE=",
        "owner": "NixOS",
        "repo": "nixpkgs",
        "rev": "2c8d3f48d33929642c1c12cd243df4cc7d2ce434",
        "type": "github"
      },
      "original": {
        "owner": "NixOS",
        "ref": "nixos-unstable",
        "repo": "nixpkgs",
        "type": "github"
      }
    },
    "root": {
      "inputs": {
        "home_manager": "home_manager",
        "neovim": "neovim",
        "nixjail": "nixjail",
        "nixpkgs_stable": "nixpkgs_stable",
        "nixpkgs_unstable": "nixpkgs_unstable"
      }
    }
  },
  "root": "root",
  "version": 7
}
